
Microsoft Visual Studio Solution File, Format Version 12.00
# Visual Studio Version 17
VisualStudioVersion = 17.14.36203.30 d17.14
MinimumVisualStudioVersion = 10.0.40219.1
Project("{54A90642-561A-4BB1-A94E-469ADEE60C69}") = "todosolution.client", "todosolution.client\todosolution.client.esproj", "{5841243D-E2DF-188E-097B-930654CB6CC5}"
EndProject
Project("{FAE04EC0-301F-11D3-BF4B-00C04F79EFBC}") = "TodoSolution.Server", "TodoSolution.Server\TodoSolution.Server.csproj", "{44035840-650D-4471-ABAD-CCEC2CE43DB0}"
EndProject
Global
	GlobalSection(SolutionConfigurationPlatforms) = preSolution
		Debug|Any CPU = Debug|Any CPU
		Release|Any CPU = Release|Any CPU
	EndGlobalSection
	GlobalSection(ProjectConfigurationPlatforms) = postSolution
		{5841243D-E2DF-188E-097B-930654CB6CC5}.Debug|Any CPU.ActiveCfg = Debug|Any CPU
		{5841243D-E2DF-188E-097B-930654CB6CC5}.Debug|Any CPU.Build.0 = Debug|Any CPU
		{5841243D-E2DF-188E-097B-930654CB6CC5}.Debug|Any CPU.Deploy.0 = Debug|Any CPU
		{5841243D-E2DF-188E-097B-930654CB6CC5}.Release|Any CPU.ActiveCfg = Release|Any CPU
		{5841243D-E2DF-188E-097B-930654CB6CC5}.Release|Any CPU.Build.0 = Release|Any CPU
		{5841243D-E2DF-188E-097B-930654CB6CC5}.Release|Any CPU.Deploy.0 = Release|Any CPU
		{44035840-650D-4471-ABAD-CCEC2CE43DB0}.Debug|Any CPU.ActiveCfg = Debug|Any CPU
		{44035840-650D-4471-ABAD-CCEC2CE43DB0}.Debug|Any CPU.Build.0 = Debug|Any CPU
		{44035840-650D-4471-ABAD-CCEC2CE43DB0}.Release|Any CPU.ActiveCfg = Release|Any CPU
		{44035840-650D-4471-ABAD-CCEC2CE43DB0}.Release|Any CPU.Build.0 = Release|Any CPU
	EndGlobalSection
	GlobalSection(SolutionProperties) = preSolution
		HideSolutionNode = FALSE
	EndGlobalSection
	GlobalSection(ExtensibilityGlobals) = postSolution
		SolutionGuid = {6054EB14-5E53-4C06-BBA8-6CC1E73B5536}
	EndGlobalSection
EndGlobal
